
Microsoft Visual Studio Solution File, Format Version 12.00
# Visual Studio 15
VisualStudioVersion = 15.0.28307.421
MinimumVisualStudioVersion = 10.0.40219.1
Project("{FAE04EC0-301F-11D3-BF4B-00C04F79EFBC}") = "KNN", "KNN\KNN.csproj", "{ED92A040-AACE-464D-AB9F-06D8496D4E70}"
EndProject
Global
	GlobalSection(SolutionConfigurationPlatforms) = preSolution
		Debug|Any CPU = Debug|Any CPU
		Release|Any CPU = Release|Any CPU
	EndGlobalSection
	GlobalSection(ProjectConfigurationPlatforms) = postSolution
		{ED92A040-AACE-464D-AB9F-06D8496D4E70}.Debug|Any CPU.ActiveCfg = Debug|Any CPU
		{ED92A040-AACE-464D-AB9F-06D8496D4E70}.Debug|Any CPU.Build.0 = Debug|Any CPU
		{ED92A040-AACE-464D-AB9F-06D8496D4E70}.Release|Any CPU.ActiveCfg = Release|Any CPU
		{ED92A040-AACE-464D-AB9F-06D8496D4E70}.Release|Any CPU.Build.0 = Release|Any CPU
	EndGlobalSection
	GlobalSection(SolutionProperties) = preSolution
		HideSolutionNode = FALSE
	EndGlobalSection
	GlobalSection(ExtensibilityGlobals) = postSolution
		SolutionGuid = {200F16CF-D3DA-4938-BFA3-CC718B8BA1B1}
	EndGlobalSection
EndGlobal
